
Microsoft Visual Studio Solution File, Format Version 12.00
# Visual Studio Version 17
VisualStudioVersion = 17.0.32014.148
MinimumVisualStudioVersion = 10.0.40219.1
Project("{9A19103F-16F7-4668-BE54-9A1E7A4F7556}") = "Lesson2", "Lesson2\Lesson2.csproj", "{D7868679-B139-4410-9D99-91055A4FE5D0}"
EndProject
Project("{9A19103F-16F7-4668-BE54-9A1E7A4F7556}") = "Lesson3", "Lesson3\Lesson3.csproj", "{BF10FD5E-1179-43DA-8ECA-289790456BE5}"
EndProject
Global
	GlobalSection(SolutionConfigurationPlatforms) = preSolution
		Debug|Any CPU = Debug|Any CPU
		Release|Any CPU = Release|Any CPU
	EndGlobalSection
	GlobalSection(ProjectConfigurationPlatforms) = postSolution
		{D7868679-B139-4410-9D99-91055A4FE5D0}.Debug|Any CPU.ActiveCfg = Debug|Any CPU
		{D7868679-B139-4410-9D99-91055A4FE5D0}.Debug|Any CPU.Build.0 = Debug|Any CPU
		{D7868679-B139-4410-9D99-91055A4FE5D0}.Release|Any CPU.ActiveCfg = Release|Any CPU
		{D7868679-B139-4410-9D99-91055A4FE5D0}.Release|Any CPU.Build.0 = Release|Any CPU
		{BF10FD5E-1179-43DA-8ECA-289790456BE5}.Debug|Any CPU.ActiveCfg = Debug|Any CPU
		{BF10FD5E-1179-43DA-8ECA-289790456BE5}.Debug|Any CPU.Build.0 = Debug|Any CPU
		{BF10FD5E-1179-43DA-8ECA-289790456BE5}.Release|Any CPU.ActiveCfg = Release|Any CPU
		{BF10FD5E-1179-43DA-8ECA-289790456BE5}.Release|Any CPU.Build.0 = Release|Any CPU
	EndGlobalSection
	GlobalSection(SolutionProperties) = preSolution
		HideSolutionNode = FALSE
	EndGlobalSection
	GlobalSection(ExtensibilityGlobals) = postSolution
		SolutionGuid = {5D10DCAA-8D1B-43D2-A8D2-20DBFC93A64C}
	EndGlobalSection
EndGlobal
